{
  "requires": true,
  "lockfileVersion": 1,
  "dependencies": {
    "multi-clamp": {
      "version": "2.0.2",
      "resolved": "https://registry.npmjs.org/multi-clamp/-/multi-clamp-2.0.2.tgz",
      "integrity": "sha512-zhI0kP3VqZ2rACPWGxWV/G5s6z7qYWyh7Ow6QdPVzZ8N3fuNT4HZ25e9KIqUCROB++ppcn3/EUy7IYQ9UC1N+w=="
    }
  }
}
